
Microsoft Visual Studio Solution File, Format Version 12.00
# Visual Studio Version 17
VisualStudioVersion = 17.0.32014.148
MinimumVisualStudioVersion = 10.0.40219.1
Project("{FAE04EC0-301F-11D3-BF4B-00C04F79EFBC}") = "61021", "61021\61021.csproj", "{DBA19C9B-F098-43BB-8EEB-2655AAD6DB41}"
EndProject
Global
	GlobalSection(SolutionConfigurationPlatforms) = preSolution
		Debug|Any CPU = Debug|Any CPU
		Release|Any CPU = Release|Any CPU
	EndGlobalSection
	GlobalSection(ProjectConfigurationPlatforms) = postSolution
		{DBA19C9B-F098-43BB-8EEB-2655AAD6DB41}.Debug|Any CPU.ActiveCfg = Debug|Any CPU
		{DBA19C9B-F098-43BB-8EEB-2655AAD6DB41}.Debug|Any CPU.Build.0 = Debug|Any CPU
		{DBA19C9B-F098-43BB-8EEB-2655AAD6DB41}.Release|Any CPU.ActiveCfg = Release|Any CPU
		{DBA19C9B-F098-43BB-8EEB-2655AAD6DB41}.Release|Any CPU.Build.0 = Release|Any CPU
	EndGlobalSection
	GlobalSection(SolutionProperties) = preSolution
		HideSolutionNode = FALSE
	EndGlobalSection
	GlobalSection(ExtensibilityGlobals) = postSolution
		SolutionGuid = {F96A99DF-B1EE-42D5-9C3D-0F5808489724}
	EndGlobalSection
EndGlobal
